
Microsoft Visual Studio Solution File, Format Version 12.00
# Visual Studio 15
VisualStudioVersion = 15.0.28010.2036
MinimumVisualStudioVersion = 10.0.40219.1
Project("{9A19103F-16F7-4668-BE54-9A1E7A4F7556}") = "FaceGraphProject", "FaceGraphProject\FaceGraphProject.csproj", "{66BB5F5B-8371-408F-9080-6FAEAF4A3402}"
EndProject
Project("{9A19103F-16F7-4668-BE54-9A1E7A4F7556}") = "FaceGraphEnities", "FaceGraphEnities\FaceGraphEnities.csproj", "{C01A89BC-02AD-49BE-80C5-D1FC25B09DDF}"
EndProject
Project("{9A19103F-16F7-4668-BE54-9A1E7A4F7556}") = "FaceGraph.Repository", "FaceGraph.Repository\FaceGraph.Repository.csproj", "{005E35D3-DE27-4013-B3EE-431CCAF9F79A}"
EndProject
Project("{9A19103F-16F7-4668-BE54-9A1E7A4F7556}") = "FaceGraph.Service", "FaceGraph.Service\FaceGraph.Service.csproj", "{5C3F5248-CD56-4E82-94A4-8DB9BB115107}"
EndProject
Project("{9A19103F-16F7-4668-BE54-9A1E7A4F7556}") = "TokenService", "..\IdentityServer4Tests-master\IdentityServer4Tests-master\IdentityServer4\TokenService\TokenService.csproj", "{97583BBF-F643-4361-8F69-963F3A13C93E}"
EndProject
Global
	GlobalSection(SolutionConfigurationPlatforms) = preSolution
		Debug|Any CPU = Debug|Any CPU
		Release|Any CPU = Release|Any CPU
	EndGlobalSection
	GlobalSection(ProjectConfigurationPlatforms) = postSolution
		{66BB5F5B-8371-408F-9080-6FAEAF4A3402}.Debug|Any CPU.ActiveCfg = Debug|Any CPU
		{66BB5F5B-8371-408F-9080-6FAEAF4A3402}.Debug|Any CPU.Build.0 = Debug|Any CPU
		{66BB5F5B-8371-408F-9080-6FAEAF4A3402}.Release|Any CPU.ActiveCfg = Release|Any CPU
		{66BB5F5B-8371-408F-9080-6FAEAF4A3402}.Release|Any CPU.Build.0 = Release|Any CPU
		{C01A89BC-02AD-49BE-80C5-D1FC25B09DDF}.Debug|Any CPU.ActiveCfg = Debug|Any CPU
		{C01A89BC-02AD-49BE-80C5-D1FC25B09DDF}.Debug|Any CPU.Build.0 = Debug|Any CPU
		{C01A89BC-02AD-49BE-80C5-D1FC25B09DDF}.Release|Any CPU.ActiveCfg = Release|Any CPU
		{C01A89BC-02AD-49BE-80C5-D1FC25B09DDF}.Release|Any CPU.Build.0 = Release|Any CPU
		{005E35D3-DE27-4013-B3EE-431CCAF9F79A}.Debug|Any CPU.ActiveCfg = Debug|Any CPU
		{005E35D3-DE27-4013-B3EE-431CCAF9F79A}.Debug|Any CPU.Build.0 = Debug|Any CPU
		{005E35D3-DE27-4013-B3EE-431CCAF9F79A}.Release|Any CPU.ActiveCfg = Release|Any CPU
		{005E35D3-DE27-4013-B3EE-431CCAF9F79A}.Release|Any CPU.Build.0 = Release|Any CPU
		{5C3F5248-CD56-4E82-94A4-8DB9BB115107}.Debug|Any CPU.ActiveCfg = Debug|Any CPU
		{5C3F5248-CD56-4E82-94A4-8DB9BB115107}.Debug|Any CPU.Build.0 = Debug|Any CPU
		{5C3F5248-CD56-4E82-94A4-8DB9BB115107}.Release|Any CPU.ActiveCfg = Release|Any CPU
		{5C3F5248-CD56-4E82-94A4-8DB9BB115107}.Release|Any CPU.Build.0 = Release|Any CPU
		{97583BBF-F643-4361-8F69-963F3A13C93E}.Debug|Any CPU.ActiveCfg = Debug|Any CPU
		{97583BBF-F643-4361-8F69-963F3A13C93E}.Debug|Any CPU.Build.0 = Debug|Any CPU
		{97583BBF-F643-4361-8F69-963F3A13C93E}.Release|Any CPU.ActiveCfg = Release|Any CPU
		{97583BBF-F643-4361-8F69-963F3A13C93E}.Release|Any CPU.Build.0 = Release|Any CPU
	EndGlobalSection
	GlobalSection(SolutionProperties) = preSolution
		HideSolutionNode = FALSE
	EndGlobalSection
	GlobalSection(ExtensibilityGlobals) = postSolution
		SolutionGuid = {678727C6-232C-449C-BB0C-A92CD90F0960}
	EndGlobalSection
EndGlobal
